// !$*UTF8*$!
{
	archiveVersion = 1;
	classes = {
	};
	objectVersion = 56;
	objects = {

/* Begin PBXBuildFile section */
		6606B7CA2B5AD5D9008F1975 /* AppDelegate.swift in Sources */ = {isa = PBXBuildFile; fileRef = 6606B7C92B5AD5D9008F1975 /* AppDelegate.swift */; };
		6606B7CC2B5AD5D9008F1975 /* SceneDelegate.swift in Sources */ = {isa = PBXBuildFile; fileRef = 6606B7CB2B5AD5D9008F1975 /* SceneDelegate.swift */; };
		6606B7CE2B5AD5D9008F1975 /* RootViewController.swift in Sources */ = {isa = PBXBuildFile; fileRef = 6606B7CD2B5AD5D9008F1975 /* RootViewController.swift */; };
		6606B7D12B5AD5D9008F1975 /* Main.storyboard in Resources */ = {isa = PBXBuildFile; fileRef = 6606B7CF2B5AD5D9008F1975 /* Main.storyboard */; };
		6606B7D32B5AD5DB008F1975 /* Assets.xcassets in Resources */ = {isa = PBXBuildFile; fileRef = 6606B7D22B5AD5DB008F1975 /* Assets.xcassets */; };
		6606B7D62B5AD5DB008F1975 /* LaunchScreen.storyboard in Resources */ = {isa = PBXBuildFile; fileRef = 6606B7D42B5AD5DB008F1975 /* LaunchScreen.storyboard */; };
		6606B7E02B5ADB36008F1975 /* CryptoViewModel.swift in Sources */ = {isa = PBXBuildFile; fileRef = 6606B7DF2B5ADB36008F1975 /* CryptoViewModel.swift */; };
		6606B7E32B5ADB56008F1975 /* CryptoModel.swift in Sources */ = {isa = PBXBuildFile; fileRef = 6606B7E22B5ADB56008F1975 /* CryptoModel.swift */; };
		6606B7E82B5AE290008F1975 /* Config.plist in Resources */ = {isa = PBXBuildFile; fileRef = 6606B7E72B5AE290008F1975 /* Config.plist */; };
		6606B7EA2B5AE2E7008F1975 /* ApiKeyManager.swift in Sources */ = {isa = PBXBuildFile; fileRef = 6606B7E92B5AE2E7008F1975 /* ApiKeyManager.swift */; };
		6606B7ED2B5AE6E5008F1975 /* APIService.swift in Sources */ = {isa = PBXBuildFile; fileRef = 6606B7EC2B5AE6E5008F1975 /* APIService.swift */; };
		660F408A2B5D290E00E048C9 /* CryptoCollectionViewCell.swift in Sources */ = {isa = PBXBuildFile; fileRef = 660F40892B5D290E00E048C9 /* CryptoCollectionViewCell.swift */; };
		660F408D2B5D399700E048C9 /* CryptoCollectionViewModelDelegate.swift in Sources */ = {isa = PBXBuildFile; fileRef = 660F408C2B5D399700E048C9 /* CryptoCollectionViewModelDelegate.swift */; };
		660F408F2B5D623700E048C9 /* Double+Extensions.swift in Sources */ = {isa = PBXBuildFile; fileRef = 660F408E2B5D623700E048C9 /* Double+Extensions.swift */; };
		660F40922B5D9CE300E048C9 /* DetailedCryptoViewController.swift in Sources */ = {isa = PBXBuildFile; fileRef = 660F40912B5D9CE300E048C9 /* DetailedCryptoViewController.swift */; };
		660F40962B5E833A00E048C9 /* DetailedCryptoView.swift in Sources */ = {isa = PBXBuildFile; fileRef = 660F40952B5E833A00E048C9 /* DetailedCryptoView.swift */; };
/* End PBXBuildFile section */

/* Begin PBXFileReference section */
		6606B7C62B5AD5D9008F1975 /* Crypto App.app */ = {isa = PBXFileReference; explicitFileType = wrapper.application; includeInIndex = 0; path = "Crypto App.app"; sourceTree = BUILT_PRODUCTS_DIR; };
		6606B7C92B5AD5D9008F1975 /* AppDelegate.swift */ = {isa = PBXFileReference; lastKnownFileType = sourcecode.swift; path = AppDelegate.swift; sourceTree = "<group>"; };
		6606B7CB2B5AD5D9008F1975 /* SceneDelegate.swift */ = {isa = PBXFileReference; lastKnownFileType = sourcecode.swift; path = SceneDelegate.swift; sourceTree = "<group>"; };
		6606B7CD2B5AD5D9008F1975 /* RootViewController.swift */ = {isa = PBXFileReference; lastKnownFileType = sourcecode.swift; path = RootViewController.swift; sourceTree = "<group>"; };
		6606B7D02B5AD5D9008F1975 /* Base */ = {isa = PBXFileReference; lastKnownFileType = file.storyboard; name = Base; path = Base.lproj/Main.storyboard; sourceTree = "<group>"; };
		6606B7D22B5AD5DB008F1975 /* Assets.xcassets */ = {isa = PBXFileReference; lastKnownFileType = folder.assetcatalog; path = Assets.xcassets; sourceTree = "<group>"; };
		6606B7D52B5AD5DB008F1975 /* Base */ = {isa = PBXFileReference; lastKnownFileType = file.storyboard; name = Base; path = Base.lproj/LaunchScreen.storyboard; sourceTree = "<group>"; };
		6606B7D72B5AD5DB008F1975 /* Info.plist */ = {isa = PBXFileReference; lastKnownFileType = text.plist.xml; path = Info.plist; sourceTree = "<group>"; };
		6606B7DF2B5ADB36008F1975 /* CryptoViewModel.swift */ = {isa = PBXFileReference; lastKnownFileType = sourcecode.swift; path = CryptoViewModel.swift; sourceTree = "<group>"; };
		6606B7E22B5ADB56008F1975 /* CryptoModel.swift */ = {isa = PBXFileReference; lastKnownFileType = sourcecode.swift; path = CryptoModel.swift; sourceTree = "<group>"; };
		6606B7E72B5AE290008F1975 /* Config.plist */ = {isa = PBXFileReference; lastKnownFileType = text.plist.xml; path = Config.plist; sourceTree = "<group>"; };
		6606B7E92B5AE2E7008F1975 /* ApiKeyManager.swift */ = {isa = PBXFileReference; lastKnownFileType = sourcecode.swift; path = ApiKeyManager.swift; sourceTree = "<group>"; };
		6606B7EC2B5AE6E5008F1975 /* APIService.swift */ = {isa = PBXFileReference; lastKnownFileType = sourcecode.swift; path = APIService.swift; sourceTree = "<group>"; };
		660F40892B5D290E00E048C9 /* CryptoCollectionViewCell.swift */ = {isa = PBXFileReference; lastKnownFileType = sourcecode.swift; path = CryptoCollectionViewCell.swift; sourceTree = "<group>"; };
		660F408C2B5D399700E048C9 /* CryptoCollectionViewModelDelegate.swift */ = {isa = PBXFileReference; lastKnownFileType = sourcecode.swift; path = CryptoCollectionViewModelDelegate.swift; sourceTree = "<group>"; };
		660F408E2B5D623700E048C9 /* Double+Extensions.swift */ = {isa = PBXFileReference; lastKnownFileType = sourcecode.swift; path = "Double+Extensions.swift"; sourceTree = "<group>"; };
		660F40912B5D9CE300E048C9 /* DetailedCryptoViewController.swift */ = {isa = PBXFileReference; lastKnownFileType = sourcecode.swift; path = DetailedCryptoViewController.swift; sourceTree = "<group>"; };
		660F40952B5E833A00E048C9 /* DetailedCryptoView.swift */ = {isa = PBXFileReference; lastKnownFileType = sourcecode.swift; path = DetailedCryptoView.swift; sourceTree = "<group>"; };
/* End PBXFileReference section */

/* Begin PBXFrameworksBuildPhase section */
		6606B7C32B5AD5D9008F1975 /* Frameworks */ = {
			isa = PBXFrameworksBuildPhase;
			buildActionMask = 2147483647;
			files = (
			);
			runOnlyForDeploymentPostprocessing = 0;
		};
/* End PBXFrameworksBuildPhase section */

/* Begin PBXGroup section */
		6606B7BD2B5AD5D9008F1975 = {
			isa = PBXGroup;
			children = (
				6606B7C82B5AD5D9008F1975 /* Crypto App */,
				6606B7C72B5AD5D9008F1975 /* Products */,
			);
			sourceTree = "<group>";
		};
		6606B7C72B5AD5D9008F1975 /* Products */ = {
			isa = PBXGroup;
			children = (
				6606B7C62B5AD5D9008F1975 /* Crypto App.app */,
			);
			name = Products;
			sourceTree = "<group>";
		};
		6606B7C82B5AD5D9008F1975 /* Crypto App */ = {
			isa = PBXGroup;
			children = (
				6606B7C92B5AD5D9008F1975 /* AppDelegate.swift */,
				6606B7CB2B5AD5D9008F1975 /* SceneDelegate.swift */,
				6606B7DD2B5ADA9E008F1975 /* ViewConrollers */,
				6606B7E42B5ADB5A008F1975 /* Models */,
				660F408B2B5D291F00E048C9 /* Views */,
				6606B7E12B5ADB3A008F1975 /* ViewModels */,
				6606B7EB2B5AE388008F1975 /* Utilities */,
				6606B7EE2B5AE6E9008F1975 /* Services */,
				660F40902B5D623C00E048C9 /* Extensions */,
				6606B7CF2B5AD5D9008F1975 /* Main.storyboard */,
				6606B7D22B5AD5DB008F1975 /* Assets.xcassets */,
				6606B7D42B5AD5DB008F1975 /* LaunchScreen.storyboard */,
				6606B7D72B5AD5DB008F1975 /* Info.plist */,
				6606B7E72B5AE290008F1975 /* Config.plist */,
			);
			path = "Crypto App";
			sourceTree = "<group>";
		};
		6606B7DD2B5ADA9E008F1975 /* ViewConrollers */ = {
			isa = PBXGroup;
			children = (
				6606B7CD2B5AD5D9008F1975 /* RootViewController.swift */,
				660F40912B5D9CE300E048C9 /* DetailedCryptoViewController.swift */,
			);
			path = ViewConrollers;
			sourceTree = "<group>";
		};
		6606B7E12B5ADB3A008F1975 /* ViewModels */ = {
			isa = PBXGroup;
			children = (
				660F408C2B5D399700E048C9 /* CryptoCollectionViewModelDelegate.swift */,
				6606B7DF2B5ADB36008F1975 /* CryptoViewModel.swift */,
			);
			path = ViewModels;
			sourceTree = "<group>";
		};
		6606B7E42B5ADB5A008F1975 /* Models */ = {
			isa = PBXGroup;
			children = (
				6606B7E22B5ADB56008F1975 /* CryptoModel.swift */,
			);
			path = Models;
			sourceTree = "<group>";
		};
		6606B7EB2B5AE388008F1975 /* Utilities */ = {
			isa = PBXGroup;
			children = (
				6606B7E92B5AE2E7008F1975 /* ApiKeyManager.swift */,
			);
			path = Utilities;
			sourceTree = "<group>";
		};
		6606B7EE2B5AE6E9008F1975 /* Services */ = {
			isa = PBXGroup;
			children = (
				6606B7EC2B5AE6E5008F1975 /* APIService.swift */,
			);
			path = Services;
			sourceTree = "<group>";
		};
		660F408B2B5D291F00E048C9 /* Views */ = {
			isa = PBXGroup;
			children = (
				660F40892B5D290E00E048C9 /* CryptoCollectionViewCell.swift */,
				660F40952B5E833A00E048C9 /* DetailedCryptoView.swift */,
			);
			path = Views;
			sourceTree = "<group>";
		};
		660F40902B5D623C00E048C9 /* Extensions */ = {
			isa = PBXGroup;
			children = (
				660F408E2B5D623700E048C9 /* Double+Extensions.swift */,
			);
			path = Extensions;
			sourceTree = "<group>";
		};
/* End PBXGroup section */

/* Begin PBXNativeTarget section */
		6606B7C52B5AD5D9008F1975 /* Crypto App */ = {
			isa = PBXNativeTarget;
			buildConfigurationList = 6606B7DA2B5AD5DB008F1975 /* Build configuration list for PBXNativeTarget "Crypto App" */;
			buildPhases = (
				6606B7C22B5AD5D9008F1975 /* Sources */,
				6606B7C32B5AD5D9008F1975 /* Frameworks */,
				6606B7C42B5AD5D9008F1975 /* Resources */,
			);
			buildRules = (
			);
			dependencies = (
			);
			name = "Crypto App";
			productName = "Crypto App";
			productReference = 6606B7C62B5AD5D9008F1975 /* Crypto App.app */;
			productType = "com.apple.product-type.application";
		};
/* End PBXNativeTarget section */

/* Begin PBXProject section */
		6606B7BE2B5AD5D9008F1975 /* Project object */ = {
			isa = PBXProject;
			attributes = {
				BuildIndependentTargetsInParallel = 1;
				LastSwiftUpdateCheck = 1520;
				LastUpgradeCheck = 1520;
				TargetAttributes = {
					6606B7C52B5AD5D9008F1975 = {
						CreatedOnToolsVersion = 15.2;
					};
				};
			};
			buildConfigurationList = 6606B7C12B5AD5D9008F1975 /* Build configuration list for PBXProject "Crypto App" */;
			compatibilityVersion = "Xcode 14.0";
			developmentRegion = en;
			hasScannedForEncodings = 0;
			knownRegions = (
				en,
				Base,
			);
			mainGroup = 6606B7BD2B5AD5D9008F1975;
			productRefGroup = 6606B7C72B5AD5D9008F1975 /* Products */;
			projectDirPath = "";
			projectRoot = "";
			targets = (
				6606B7C52B5AD5D9008F1975 /* Crypto App */,
			);
		};
/* End PBXProject section */

/* Begin PBXResourcesBuildPhase section */
		6606B7C42B5AD5D9008F1975 /* Resources */ = {
			isa = PBXResourcesBuildPhase;
			buildActionMask = 2147483647;
			files = (
				6606B7E82B5AE290008F1975 /* Config.plist in Resources */,
				6606B7D62B5AD5DB008F1975 /* LaunchScreen.storyboard in Resources */,
				6606B7D32B5AD5DB008F1975 /* Assets.xcassets in Resources */,
				6606B7D12B5AD5D9008F1975 /* Main.storyboard in Resources */,
			);
			runOnlyForDeploymentPostprocessing = 0;
		};
/* End PBXResourcesBuildPhase section */

/* Begin PBXSourcesBuildPhase section */
		6606B7C22B5AD5D9008F1975 /* Sources */ = {
			isa = PBXSourcesBuildPhase;
			buildActionMask = 2147483647;
			files = (
				660F408A2B5D290E00E048C9 /* CryptoCollectionViewCell.swift in Sources */,
				6606B7CE2B5AD5D9008F1975 /* RootViewController.swift in Sources */,
				660F40922B5D9CE300E048C9 /* DetailedCryptoViewController.swift in Sources */,
				660F40962B5E833A00E048C9 /* DetailedCryptoView.swift in Sources */,
				660F408D2B5D399700E048C9 /* CryptoCollectionViewModelDelegate.swift in Sources */,
				6606B7ED2B5AE6E5008F1975 /* APIService.swift in Sources */,
				660F408F2B5D623700E048C9 /* Double+Extensions.swift in Sources */,
				6606B7E02B5ADB36008F1975 /* CryptoViewModel.swift in Sources */,
				6606B7CA2B5AD5D9008F1975 /* AppDelegate.swift in Sources */,
				6606B7CC2B5AD5D9008F1975 /* SceneDelegate.swift in Sources */,
				6606B7EA2B5AE2E7008F1975 /* ApiKeyManager.swift in Sources */,
				6606B7E32B5ADB56008F1975 /* CryptoModel.swift in Sources */,
			);
			runOnlyForDeploymentPostprocessing = 0;
		};
/* End PBXSourcesBuildPhase section */

/* Begin PBXVariantGroup section */
		6606B7CF2B5AD5D9008F1975 /* Main.storyboard */ = {
			isa = PBXVariantGroup;
			children = (
				6606B7D02B5AD5D9008F1975 /* Base */,
			);
			name = Main.storyboard;
			sourceTree = "<group>";
		};
		6606B7D42B5AD5DB008F1975 /* LaunchScreen.storyboard */ = {
			isa = PBXVariantGroup;
			children = (
				6606B7D52B5AD5DB008F1975 /* Base */,
			);
			name = LaunchScreen.storyboard;
			sourceTree = "<group>";
		};
/* End PBXVariantGroup section */

/* Begin XCBuildConfiguration section */
		6606B7D82B5AD5DB008F1975 /* Debug */ = {
			isa = XCBuildConfiguration;
			buildSettings = {
				ALWAYS_SEARCH_USER_PATHS = NO;
				ASSETCATALOG_COMPILER_GENERATE_SWIFT_ASSET_SYMBOL_EXTENSIONS = YES;
				CLANG_ANALYZER_NONNULL = YES;
				CLANG_ANALYZER_NUMBER_OBJECT_CONVERSION = YES_AGGRESSIVE;
				CLANG_CXX_LANGUAGE_STANDARD = "gnu++20";
				CLANG_ENABLE_MODULES = YES;
				CLANG_ENABLE_OBJC_ARC = YES;
				CLANG_ENABLE_OBJC_WEAK = YES;
				CLANG_WARN_BLOCK_CAPTURE_AUTORELEASING = YES;
				CLANG_WARN_BOOL_CONVERSION = YES;
				CLANG_WARN_COMMA = YES;
				CLANG_WARN_CONSTANT_CONVERSION = YES;
				CLANG_WARN_DEPRECATED_OBJC_IMPLEMENTATIONS = YES;
				CLANG_WARN_DIRECT_OBJC_ISA_USAGE = YES_ERROR;
				CLANG_WARN_DOCUMENTATION_COMMENTS = YES;
				CLANG_WARN_EMPTY_BODY = YES;
				CLANG_WARN_ENUM_CONVERSION = YES;
				CLANG_WARN_INFINITE_RECURSION = YES;
				CLANG_WARN_INT_CONVERSION = YES;
				CLANG_WARN_NON_LITERAL_NULL_CONVERSION = YES;
				CLANG_WARN_OBJC_IMPLICIT_RETAIN_SELF = YES;
				CLANG_WARN_OBJC_LITERAL_CONVERSION = YES;
				CLANG_WARN_OBJC_ROOT_CLASS = YES_ERROR;
				CLANG_WARN_QUOTED_INCLUDE_IN_FRAMEWORK_HEADER = YES;
				CLANG_WARN_RANGE_LOOP_ANALYSIS = YES;
				CLANG_WARN_STRICT_PROTOTYPES = YES;
				CLANG_WARN_SUSPICIOUS_MOVE = YES;
				CLANG_WARN_UNGUARDED_AVAILABILITY = YES_AGGRESSIVE;
				CLANG_WARN_UNREACHABLE_CODE = YES;
				CLANG_WARN__DUPLICATE_METHOD_MATCH = YES;
				COPY_PHASE_STRIP = NO;
				DEBUG_INFORMATION_FORMAT = dwarf;
				ENABLE_STRICT_OBJC_MSGSEND = YES;
				ENABLE_TESTABILITY = YES;
				ENABLE_USER_SCRIPT_SANDBOXING = YES;
				GCC_C_LANGUAGE_STANDARD = gnu17;
				GCC_DYNAMIC_NO_PIC = NO;
				GCC_NO_COMMON_BLOCKS = YES;
				GCC_OPTIMIZATION_LEVEL = 0;
				GCC_PREPROCESSOR_DEFINITIONS = (
					"DEBUG=1",
					"$(inherited)",
				);
				GCC_WARN_64_TO_32_BIT_CONVERSION = YES;
				GCC_WARN_ABOUT_RETURN_TYPE = YES_ERROR;
				GCC_WARN_UNDECLARED_SELECTOR = YES;
				GCC_WARN_UNINITIALIZED_AUTOS = YES_AGGRESSIVE;
				GCC_WARN_UNUSED_FUNCTION = YES;
				GCC_WARN_UNUSED_VARIABLE = YES;
				IPHONEOS_DEPLOYMENT_TARGET = 17.2;
				LOCALIZATION_PREFERS_STRING_CATALOGS = YES;
				MTL_ENABLE_DEBUG_INFO = INCLUDE_SOURCE;
				MTL_FAST_MATH = YES;
				ONLY_ACTIVE_ARCH = YES;
				SDKROOT = iphoneos;
				SWIFT_ACTIVE_COMPILATION_CONDITIONS = "DEBUG $(inherited)";
				SWIFT_OPTIMIZATION_LEVEL = "-Onone";
			};
			name = Debug;
		};
		6606B7D92B5AD5DB008F1975 /* Release */ = {
			isa = XCBuildConfiguration;
			buildSettings = {
				ALWAYS_SEARCH_USER_PATHS = NO;
				ASSETCATALOG_COMPILER_GENERATE_SWIFT_ASSET_SYMBOL_EXTENSIONS = YES;
				CLANG_ANALYZER_NONNULL = YES;
				CLANG_ANALYZER_NUMBER_OBJECT_CONVERSION = YES_AGGRESSIVE;
				CLANG_CXX_LANGUAGE_STANDARD = "gnu++20";
				CLANG_ENABLE_MODULES = YES;
				CLANG_ENABLE_OBJC_ARC = YES;
				CLANG_ENABLE_OBJC_WEAK = YES;
				CLANG_WARN_BLOCK_CAPTURE_AUTORELEASING = YES;
				CLANG_WARN_BOOL_CONVERSION = YES;
				CLANG_WARN_COMMA = YES;
				CLANG_WARN_CONSTANT_CONVERSION = YES;
				CLANG_WARN_DEPRECATED_OBJC_IMPLEMENTATIONS = YES;
				CLANG_WARN_DIRECT_OBJC_ISA_USAGE = YES_ERROR;
				CLANG_WARN_DOCUMENTATION_COMMENTS = YES;
				CLANG_WARN_EMPTY_BODY = YES;
				CLANG_WARN_ENUM_CONVERSION = YES;
				CLANG_WARN_INFINITE_RECURSION = YES;
				CLANG_WARN_INT_CONVERSION = YES;
				CLANG_WARN_NON_LITERAL_NULL_CONVERSION = YES;
				CLANG_WARN_OBJC_IMPLICIT_RETAIN_SELF = YES;
				CLANG_WARN_OBJC_LITERAL_CONVERSION = YES;
				CLANG_WARN_OBJC_ROOT_CLASS = YES_ERROR;
				CLANG_WARN_QUOTED_INCLUDE_IN_FRAMEWORK_HEADER = YES;
				CLANG_WARN_RANGE_LOOP_ANALYSIS = YES;
				CLANG_WARN_STRICT_PROTOTYPES = YES;
				CLANG_WARN_SUSPICIOUS_MOVE = YES;
				CLANG_WARN_UNGUARDED_AVAILABILITY = YES_AGGRESSIVE;
				CLANG_WARN_UNREACHABLE_CODE = YES;
				CLANG_WARN__DUPLICATE_METHOD_MATCH = YES;
				COPY_PHASE_STRIP = NO;
				DEBUG_INFORMATION_FORMAT = "dwarf-with-dsym";
				ENABLE_NS_ASSERTIONS = NO;
				ENABLE_STRICT_OBJC_MSGSEND = YES;
				ENABLE_USER_SCRIPT_SANDBOXING = YES;
				GCC_C_LANGUAGE_STANDARD = gnu17;
				GCC_NO_COMMON_BLOCKS = YES;
				GCC_WARN_64_TO_32_BIT_CONVERSION = YES;
				GCC_WARN_ABOUT_RETURN_TYPE = YES_ERROR;
				GCC_WARN_UNDECLARED_SELECTOR = YES;
				GCC_WARN_UNINITIALIZED_AUTOS = YES_AGGRESSIVE;
				GCC_WARN_UNUSED_FUNCTION = YES;
				GCC_WARN_UNUSED_VARIABLE = YES;
				IPHONEOS_DEPLOYMENT_TARGET = 17.2;
				LOCALIZATION_PREFERS_STRING_CATALOGS = YES;
				MTL_ENABLE_DEBUG_INFO = NO;
				MTL_FAST_MATH = YES;
				SDKROOT = iphoneos;
				SWIFT_COMPILATION_MODE = wholemodule;
				VALIDATE_PRODUCT = YES;
			};
			name = Release;
		};
		6606B7DB2B5AD5DB008F1975 /* Debug */ = {
			isa = XCBuildConfiguration;
			buildSettings = {
				ASSETCATALOG_COMPILER_APPICON_NAME = AppIcon;
				ASSETCATALOG_COMPILER_GLOBAL_ACCENT_COLOR_NAME = AccentColor;
				CODE_SIGN_STYLE = Automatic;
				CURRENT_PROJECT_VERSION = 1;
				DEVELOPMENT_TEAM = 28BW499ZN4;
				GENERATE_INFOPLIST_FILE = YES;
				INFOPLIST_FILE = "Crypto App/Info.plist";
				INFOPLIST_KEY_UIApplicationSupportsIndirectInputEvents = YES;
				INFOPLIST_KEY_UILaunchStoryboardName = LaunchScreen;
				INFOPLIST_KEY_UIMainStoryboardFile = Main;
				INFOPLIST_KEY_UISupportedInterfaceOrientations_iPad = "UIInterfaceOrientationPortrait UIInterfaceOrientationPortraitUpsideDown UIInterfaceOrientationLandscapeLeft UIInterfaceOrientationLandscapeRight";
				INFOPLIST_KEY_UISupportedInterfaceOrientations_iPhone = "UIInterfaceOrientationPortrait UIInterfaceOrientationLandscapeLeft UIInterfaceOrientationLandscapeRight";
				LD_RUNPATH_SEARCH_PATHS = (
					"$(inherited)",
					"@executable_path/Frameworks",
				);
				MARKETING_VERSION = 1.0;
				PRODUCT_BUNDLE_IDENTIFIER = "com.krystiangrabowy.Crypto-App";
				PRODUCT_NAME = "$(TARGET_NAME)";
				SWIFT_EMIT_LOC_STRINGS = YES;
				SWIFT_VERSION = 5.0;
				TARGETED_DEVICE_FAMILY = "1,2";
			};
			name = Debug;
		};
		6606B7DC2B5AD5DB008F1975 /* Release */ = {
			isa = XCBuildConfiguration;
			buildSettings = {
				ASSETCATALOG_COMPILER_APPICON_NAME = AppIcon;
				ASSETCATALOG_COMPILER_GLOBAL_ACCENT_COLOR_NAME = AccentColor;
				CODE_SIGN_STYLE = Automatic;
				CURRENT_PROJECT_VERSION = 1;
				DEVELOPMENT_TEAM = 28BW499ZN4;
				GENERATE_INFOPLIST_FILE = YES;
				INFOPLIST_FILE = "Crypto App/Info.plist";
				INFOPLIST_KEY_UIApplicationSupportsIndirectInputEvents = YES;
				INFOPLIST_KEY_UILaunchStoryboardName = LaunchScreen;
				INFOPLIST_KEY_UIMainStoryboardFile = Main;
				INFOPLIST_KEY_UISupportedInterfaceOrientations_iPad = "UIInterfaceOrientationPortrait UIInterfaceOrientationPortraitUpsideDown UIInterfaceOrientationLandscapeLeft UIInterfaceOrientationLandscapeRight";
				INFOPLIST_KEY_UISupportedInterfaceOrientations_iPhone = "UIInterfaceOrientationPortrait UIInterfaceOrientationLandscapeLeft UIInterfaceOrientationLandscapeRight";
				LD_RUNPATH_SEARCH_PATHS = (
					"$(inherited)",
					"@executable_path/Frameworks",
				);
				MARKETING_VERSION = 1.0;
				PRODUCT_BUNDLE_IDENTIFIER = "com.krystiangrabowy.Crypto-App";
				PRODUCT_NAME = "$(TARGET_NAME)";
				SWIFT_EMIT_LOC_STRINGS = YES;
				SWIFT_VERSION = 5.0;
				TARGETED_DEVICE_FAMILY = "1,2";
			};
			name = Release;
		};
/* End XCBuildConfiguration section */

/* Begin XCConfigurationList section */
		6606B7C12B5AD5D9008F1975 /* Build configuration list for PBXProject "Crypto App" */ = {
			isa = XCConfigurationList;
			buildConfigurations = (
				6606B7D82B5AD5DB008F1975 /* Debug */,
				6606B7D92B5AD5DB008F1975 /* Release */,
			);
			defaultConfigurationIsVisible = 0;
			defaultConfigurationName = Release;
		};
		6606B7DA2B5AD5DB008F1975 /* Build configuration list for PBXNativeTarget "Crypto App" */ = {
			isa = XCConfigurationList;
			buildConfigurations = (
				6606B7DB2B5AD5DB008F1975 /* Debug */,
				6606B7DC2B5AD5DB008F1975 /* Release */,
			);
			defaultConfigurationIsVisible = 0;
			defaultConfigurationName = Release;
		};
/* End XCConfigurationList section */
	};
	rootObject = 6606B7BE2B5AD5D9008F1975 /* Project object */;
}
